
Microsoft Visual Studio Solution File, Format Version 12.00
# Visual Studio 14
VisualStudioVersion = 14.0.25123.0
MinimumVisualStudioVersion = 10.0.40219.1
Project("{FAE04EC0-301F-11D3-BF4B-00C04F79EFBC}") = "OptimalSchedulingLogic", "OptimalSchedulingLogic\OptimalSchedulingLogic.csproj", "{6B76CCB1-D5CE-4348-9241-77AB2380E949}"
EndProject
Project("{FAE04EC0-301F-11D3-BF4B-00C04F79EFBC}") = "WebApplication", "WebApplication\WebApplication.csproj", "{0D9F48FD-A72D-4989-987D-AA27BB79B0C2}"
EndProject
Project("{FAE04EC0-301F-11D3-BF4B-00C04F79EFBC}") = "ModelingApplication", "ModelingApplication\ModelingApplication.csproj", "{9B127BB7-73E9-4D2A-81A8-104836A58659}"
EndProject
Global
	GlobalSection(SolutionConfigurationPlatforms) = preSolution
		Debug|Any CPU = Debug|Any CPU
		Release|Any CPU = Release|Any CPU
	EndGlobalSection
	GlobalSection(ProjectConfigurationPlatforms) = postSolution
		{6B76CCB1-D5CE-4348-9241-77AB2380E949}.Debug|Any CPU.ActiveCfg = Debug|Any CPU
		{6B76CCB1-D5CE-4348-9241-77AB2380E949}.Debug|Any CPU.Build.0 = Debug|Any CPU
		{6B76CCB1-D5CE-4348-9241-77AB2380E949}.Release|Any CPU.ActiveCfg = Release|Any CPU
		{6B76CCB1-D5CE-4348-9241-77AB2380E949}.Release|Any CPU.Build.0 = Release|Any CPU
		{0D9F48FD-A72D-4989-987D-AA27BB79B0C2}.Debug|Any CPU.ActiveCfg = Debug|Any CPU
		{0D9F48FD-A72D-4989-987D-AA27BB79B0C2}.Debug|Any CPU.Build.0 = Debug|Any CPU
		{0D9F48FD-A72D-4989-987D-AA27BB79B0C2}.Release|Any CPU.ActiveCfg = Release|Any CPU
		{0D9F48FD-A72D-4989-987D-AA27BB79B0C2}.Release|Any CPU.Build.0 = Release|Any CPU
		{9B127BB7-73E9-4D2A-81A8-104836A58659}.Debug|Any CPU.ActiveCfg = Debug|Any CPU
		{9B127BB7-73E9-4D2A-81A8-104836A58659}.Debug|Any CPU.Build.0 = Debug|Any CPU
		{9B127BB7-73E9-4D2A-81A8-104836A58659}.Release|Any CPU.ActiveCfg = Release|Any CPU
		{9B127BB7-73E9-4D2A-81A8-104836A58659}.Release|Any CPU.Build.0 = Release|Any CPU
	EndGlobalSection
	GlobalSection(SolutionProperties) = preSolution
		HideSolutionNode = FALSE
	EndGlobalSection
EndGlobal
